
Microsoft Visual Studio Solution File, Format Version 12.00
# Visual Studio 15
VisualStudioVersion = 15.0.27130.2027
MinimumVisualStudioVersion = 10.0.40219.1
Project("{FAE04EC0-301F-11D3-BF4B-00C04F79EFBC}") = "EduxV3.Data", "EduxV3.Data\EduxV3.Data.csproj", "{156F9E64-235E-469B-A6A8-84D2226CBBF6}"
EndProject
Project("{FAE04EC0-301F-11D3-BF4B-00C04F79EFBC}") = "EduxV3.Repo", "EduxV3.Repo\EduxV3.Repo.csproj", "{CA5A5A1A-5FB3-418B-88A6-5D022B6FEC8C}"
EndProject
Project("{FAE04EC0-301F-11D3-BF4B-00C04F79EFBC}") = "EduxV3.Service", "EduxV3.Service\EduxV3.Service.csproj", "{7EA5B00A-6C5C-4C83-8772-AD22AFAA7EDC}"
EndProject
Project("{FAE04EC0-301F-11D3-BF4B-00C04F79EFBC}") = "EduxV3.Web", "EduxV3.Web\EduxV3.Web.csproj", "{AC012890-CE54-4FFD-8D11-03F367D8E70E}"
EndProject
Global
	GlobalSection(SolutionConfigurationPlatforms) = preSolution
		Debug|Any CPU = Debug|Any CPU
		Release|Any CPU = Release|Any CPU
	EndGlobalSection
	GlobalSection(ProjectConfigurationPlatforms) = postSolution
		{156F9E64-235E-469B-A6A8-84D2226CBBF6}.Debug|Any CPU.ActiveCfg = Debug|Any CPU
		{156F9E64-235E-469B-A6A8-84D2226CBBF6}.Debug|Any CPU.Build.0 = Debug|Any CPU
		{156F9E64-235E-469B-A6A8-84D2226CBBF6}.Release|Any CPU.ActiveCfg = Release|Any CPU
		{156F9E64-235E-469B-A6A8-84D2226CBBF6}.Release|Any CPU.Build.0 = Release|Any CPU
		{CA5A5A1A-5FB3-418B-88A6-5D022B6FEC8C}.Debug|Any CPU.ActiveCfg = Debug|Any CPU
		{CA5A5A1A-5FB3-418B-88A6-5D022B6FEC8C}.Debug|Any CPU.Build.0 = Debug|Any CPU
		{CA5A5A1A-5FB3-418B-88A6-5D022B6FEC8C}.Release|Any CPU.ActiveCfg = Release|Any CPU
		{CA5A5A1A-5FB3-418B-88A6-5D022B6FEC8C}.Release|Any CPU.Build.0 = Release|Any CPU
		{7EA5B00A-6C5C-4C83-8772-AD22AFAA7EDC}.Debug|Any CPU.ActiveCfg = Debug|Any CPU
		{7EA5B00A-6C5C-4C83-8772-AD22AFAA7EDC}.Debug|Any CPU.Build.0 = Debug|Any CPU
		{7EA5B00A-6C5C-4C83-8772-AD22AFAA7EDC}.Release|Any CPU.ActiveCfg = Release|Any CPU
		{7EA5B00A-6C5C-4C83-8772-AD22AFAA7EDC}.Release|Any CPU.Build.0 = Release|Any CPU
		{AC012890-CE54-4FFD-8D11-03F367D8E70E}.Debug|Any CPU.ActiveCfg = Debug|Any CPU
		{AC012890-CE54-4FFD-8D11-03F367D8E70E}.Debug|Any CPU.Build.0 = Debug|Any CPU
		{AC012890-CE54-4FFD-8D11-03F367D8E70E}.Release|Any CPU.ActiveCfg = Release|Any CPU
		{AC012890-CE54-4FFD-8D11-03F367D8E70E}.Release|Any CPU.Build.0 = Release|Any CPU
	EndGlobalSection
	GlobalSection(SolutionProperties) = preSolution
		HideSolutionNode = FALSE
	EndGlobalSection
	GlobalSection(ExtensibilityGlobals) = postSolution
		SolutionGuid = {39CB0D0B-9A88-44D4-A5AF-39703FF327B9}
	EndGlobalSection
EndGlobal
